
Microsoft Visual Studio Solution File, Format Version 12.00
# Visual Studio Version 17
VisualStudioVersion = 17.5.33414.496
MinimumVisualStudioVersion = 10.0.40219.1
Project("{9A19103F-16F7-4668-BE54-9A1E7A4F7556}") = "Secure.Logic.Docsigner.Demo", "Secure.Logic.Docsigner.Demo.csproj", "{995BAA91-FCB5-469F-B8D5-C2B8AB2C0901}"
EndProject
Global
	GlobalSection(SolutionConfigurationPlatforms) = preSolution
		Debug|Any CPU = Debug|Any CPU
		Release|Any CPU = Release|Any CPU
	EndGlobalSection
	GlobalSection(ProjectConfigurationPlatforms) = postSolution
		{995BAA91-FCB5-469F-B8D5-C2B8AB2C0901}.Debug|Any CPU.ActiveCfg = Debug|Any CPU
		{995BAA91-FCB5-469F-B8D5-C2B8AB2C0901}.Debug|Any CPU.Build.0 = Debug|Any CPU
		{995BAA91-FCB5-469F-B8D5-C2B8AB2C0901}.Release|Any CPU.ActiveCfg = Release|Any CPU
		{995BAA91-FCB5-469F-B8D5-C2B8AB2C0901}.Release|Any CPU.Build.0 = Release|Any CPU
	EndGlobalSection
	GlobalSection(SolutionProperties) = preSolution
		HideSolutionNode = FALSE
	EndGlobalSection
	GlobalSection(ExtensibilityGlobals) = postSolution
		SolutionGuid = {A500BEC9-462F-47AC-8DB5-C0B481DA3D88}
	EndGlobalSection
EndGlobal
